{"SurveyEntry":{"SurveyID":"SV_3b1trQZ6fEOhmKh","SurveyName":"TechCoENA_QIntegration","SurveyDescription":null,"SurveyOwnerID":"UR_cTjTUSuOdAFZViZ","SurveyBrandID":"sapanalytics","DivisionID":null,"SurveyLanguage":"EN","SurveyActiveResponseSet":"RS_eQC9fZe6p8VJ3uJ","SurveyStatus":"Active","SurveyStartDate":"0000-00-00 00:00:00","SurveyExpirationDate":"0000-00-00 00:00:00","SurveyCreationDate":"2020-06-25 08:37:23","CreatorID":"UR_cTjTUSuOdAFZViZ","LastModified":"2022-01-07 08:32:43","LastAccessed":"0000-00-00 00:00:00","LastActivated":"2020-10-24 11:41:47","Deleted":null},"SurveyElements":[{"SurveyID":"SV_3b1trQZ6fEOhmKh","Element":"BL","PrimaryAttribute":"Survey Blocks","SecondaryAttribute":null,"TertiaryAttribute":null,"Payload":[{"Type":"Default","Description":"Intro Text","ID":"BL_0TCPGibNAvIBmOV","BlockElements":[{"Type":"Question","QuestionID":"QID2"}]},{"Type":"Standard","SubType":"","Description":"Current Work Environment","ID":"BL_1BrTFL1OXzAl3Rb","BlockElements":[{"Type":"Question","QuestionID":"QID33"},{"Type":"Question","QuestionID":"QID3"},{"Type":"Question","QuestionID":"QID38"},{"Type":"Question","QuestionID":"QID39"}]},{"Type":"Standard","SubType":"","Description":"Barometer","ID":"BL_5hdSUMlJLbr4fKl","BlockElements":[{"Type":"Question","QuestionID":"QID40"},{"Type":"Page Break"},{"Type":"Question","QuestionID":"QID42"}],"Options":{"BlockLocking":"false","RandomizeQuestions":"false","PreviousButton":"","previousButtonMID":"","NextButton":"","nextButtonMID":"","previousButtonLibraryID":"","nextButtonLibraryID":"","BlockVisibility":"Expanded"}},{"Type":"Trash","Description":"Trash \/ Unused Questions","ID":"BL_bvjj403iVNTO5V3","BlockElements":[]}]},{"SurveyID":"SV_3b1trQZ6fEOhmKh","Element":"FL","PrimaryAttribute":"Survey Flow","SecondaryAttribute":null,"TertiaryAttribute":null,"Payload":{"Type":"Root","FlowID":"FL_1","Flow":[{"Type":"Block","ID":"BL_0TCPGibNAvIBmOV","FlowID":"FL_2","Autofill":[]},{"Type":"Standard","ID":"BL_1BrTFL1OXzAl3Rb","FlowID":"FL_8","Autofill":[]},{"Type":"Standard","ID":"BL_5hdSUMlJLbr4fKl","FlowID":"FL_10","Autofill":[]}],"Properties":{"Count":15,"RemovedFieldsets":[]}}},{"SurveyID":"SV_3b1trQZ6fEOhmKh","Element":"SO","PrimaryAttribute":"Survey Options","SecondaryAttribute":null,"TertiaryAttribute":null,"Payload":{"BackButton":"false","SaveAndContinue":"true","SurveyProtection":"PublicSurvey","BallotBoxStuffingPrevention":"false","NoIndex":"Yes","SecureResponseFiles":"true","SurveyExpiration":null,"SurveyTermination":"DisplayMessage","Header":"","Footer":"","ProgressBarDisplay":"None","PartialData":"+1 week","ValidationMessage":null,"PreviousButton":" \u2190 ","NextButton":" \u2192 ","SurveyTitle":"Online Survey Software | Qualtrics Survey Solutions","SkinLibrary":"exdelivery","SkinType":"templated","Skin":{"brandingId":null,"templateId":"*base","overrides":null},"NewScoring":1,"ProtectSelectionIds":true,"SurveyName":"TechCoENA_QIntegration","libraryId":"","nextButtonMid":"","previousButtonMid":"","headerMid":"","footerMid":"","QuestionsPerPage":"","PageTransition":"Slide","Autofocus":"false","Autoadvance":"true","AutoadvancePages":"true","CustomStyles":[],"HighlightQuestions":"off","AutoadvanceHideButton":"true","EOSMessage":"MS_4I8m1i7pjbSA8vz","ShowExportTags":"false","CollectGeoLocation":"false","SurveyMetaDescription":"Qualtrics sophisticated online survey software solutions make creating online surveys easy. Learn more about Research Suite and get a free account today.","PasswordProtection":"No","AnonymizeResponse":"No","Password":"","RefererCheck":"No","RefererURL":"http:\/\/","RelevantID":"false","UseCustomSurveyLinkCompletedMessage":null,"SurveyLinkCompletedMessage":"","SurveyLinkCompletedMessageLibrary":"","ResponseSummary":"No","EOSMessageLibrary":"UR_6ePeas2CJkeLbPT","EOSRedirectURL":"https:\/\/","EmailThankYou":"false","ThankYouEmailMessageLibrary":null,"ThankYouEmailMessage":null,"ValidateMessage":"false","ValidationMessageLibrary":null,"InactiveSurvey":"DefaultMessage","PartialDataCloseAfter":"LastActivity","ActiveResponseSet":null,"InactiveMessageLibrary":"","InactiveMessage":"","AvailableLanguages":{"EN":[]}}},{"SurveyID":"SV_3b1trQZ6fEOhmKh","Element":"SCO","PrimaryAttribute":"Scoring","SecondaryAttribute":null,"TertiaryAttribute":null,"Payload":{"ScoringCategories":[],"ScoringCategoryGroups":[],"ScoringSummaryCategory":null,"ScoringSummaryAfterQuestions":0,"ScoringSummaryAfterSurvey":0,"DefaultScoringCategory":null,"AutoScoringCategory":null}},{"SurveyID":"SV_3b1trQZ6fEOhmKh","Element":"STAT","PrimaryAttribute":"Survey Statistics","SecondaryAttribute":null,"TertiaryAttribute":null,"Payload":{"MobileCompatible":true,"ID":"Survey Statistics"}},{"SurveyID":"SV_3b1trQZ6fEOhmKh","Element":"QC","PrimaryAttribute":"Survey Question Count","SecondaryAttribute":"2000","TertiaryAttribute":null,"Payload":null},{"SurveyID":"SV_3b1trQZ6fEOhmKh","Element":"SQ","PrimaryAttribute":"QID3","SecondaryAttribute":"At this moment, which do you best identify with?","TertiaryAttribute":null,"Payload":{"QuestionText":"At this moment, which do you best identify with?","DefaultChoices":false,"DataExportTag":"Q1","QuestionType":"MC","Selector":"SAVR","SubSelector":"TX","DataVisibility":{"Private":false,"Hidden":false},"Configuration":{"QuestionDescriptionOption":"UseText","LabelPosition":"BELOW"},"QuestionDescription":"At this moment, which do you best identify with?","Choices":{"18":{"Display":"The majority of my work is done remotely"},"19":{"Display":"I normally work in the office but I'm now working remotely"},"20":{"Display":"I am still working on-site at a work location"},"21":{"Display":"I normally split my time between home and office, but now I'm only working remotely"}},"ChoiceOrder":["18","21","19","20"],"Validation":{"Settings":{"ForceResponse":"OFF","ForceResponseType":"ON","Type":"None"}},"GradingData":[],"Language":[],"NextChoiceId":22,"NextAnswerId":4,"QuestionID":"QID3","RecodeValues":{"18":"1","19":"3","20":"4","21":"2"}}},{"SurveyID":"SV_3b1trQZ6fEOhmKh","Element":"QG","PrimaryAttribute":"QG_2gefASUVqaLGv2D","SecondaryAttribute":"Default Quota Group","TertiaryAttribute":null,"Payload":{"ID":"QG_2gefASUVqaLGv2D","Name":"Default Quota Group","Selected":true,"MultipleMatch":"PlaceInAll","Public":false,"Quotas":["QO_msplrIWrHhpqMnt"]}},{"SurveyID":"SV_3b1trQZ6fEOhmKh","Element":"RS","PrimaryAttribute":"RS_eQC9fZe6p8VJ3uJ","SecondaryAttribute":"Default Response Set","TertiaryAttribute":null,"Payload":null},{"SurveyID":"SV_3b1trQZ6fEOhmKh","Element":"SQ","PrimaryAttribute":"QID2","SecondaryAttribute":"During this time of rapid change due to COVID-19 (commonly known as coronavirus), we would like t...","TertiaryAttribute":null,"Payload":{"QuestionText":"During this time of rapid change due to COVID-19 (commonly known as coronavirus), we would like to understand how we can best support you in our ongoing efforts to put your health, safety and wellbeing first. Understanding your current work environment and any uncertainty you may face will help us better support you.&nbsp;<br><br>This short survey should take you no more than 5 minutes to complete. We will ask you for some high-level demographic information to help us take follow-up action based on your feedback. <b>It will not be possible to identify any individual respondent from this survey.<\/b><br><br>We appreciate your open and honest feedback so that we can make meaningful and impactful adjustments as the situation evolves.","DefaultChoices":false,"DataExportTag":"Text 1","QuestionType":"DB","Selector":"TB","DataVisibility":{"Private":false,"Hidden":false},"Configuration":{"QuestionDescriptionOption":"UseText"},"QuestionDescription":"During this time of rapid change due to COVID-19 (commonly known as coronavirus), we would like t...","ChoiceOrder":[],"Validation":{"Settings":{"Type":"None"}},"GradingData":[],"Language":[],"NextChoiceId":4,"NextAnswerId":4,"QuestionID":"QID2"}},{"SurveyID":"SV_3b1trQZ6fEOhmKh","Element":"SQ","PrimaryAttribute":"QID40","SecondaryAttribute":"How have you been feeling over the last week?","TertiaryAttribute":null,"Payload":{"QuestionText":"How have you been feeling over the last week?\n<style type=\"text\/css\">.LabelWrapper label {\n  flex-direction: column;\n}\n.LabelWrapper label img {\n  padding-top: 10px;\n}\n<\/style>","DefaultChoices":false,"DataExportTag":"Q30","QuestionType":"MC","Selector":"SAHR","SubSelector":"TX","DataVisibility":{"Private":false,"Hidden":false},"Configuration":{"QuestionDescriptionOption":"UseText","LabelPosition":"BELOW"},"QuestionDescription":"How have you been feeling over the last week?","Choices":{"93":{"Display":"<img src='https:\/\/ca1.qualtrics.com\/WRQualtricsControlPanel_rel\/Graphic.php?SR=&IM=IM_0IJYfMSwnvKvyHH' alt='1 - Very Terrible' \/><div style=\"text-align: center;\">Terrible<br \/>\n1<br \/>\n<style type=\"text\/css\">label#QID40-93-label {\njustify-content:start;\n\n}\n<\/style>\n<\/div>\n"},"94":{"Display":"<img src='https:\/\/ca1.qualtrics.com\/WRQualtricsControlPanel_rel\/Graphic.php?SR=&IM=IM_6g1a6Vd7JZoVpYx' alt='2 - Pretty Terrible' \/><div style=\"text-align: center;\">&nbsp;<br \/>\n2<br \/>\n<style type=\"text\/css\">label#QID40-94-label {\njustify-content:start;\n}\n<\/style>\n<\/div>\n"},"95":{"Display":"<img src='https:\/\/ca1.qualtrics.com\/WRQualtricsControlPanel_rel\/Graphic.php?SR=&IM=IM_cHD3RdV6B9LAA5L' alt='3 - Not Great' \/><div style=\"text-align: center;\">&nbsp;<br \/>\n3<br \/>\n<style type=\"text\/css\">label#QID40-95-label {\njustify-content:start;\n}\n<\/style>\n<\/div>\n"},"96":{"Display":"<img src='https:\/\/ca1.qualtrics.com\/WRQualtricsControlPanel_rel\/Graphic.php?SR=&IM=IM_3kgHfytczKE3kWx' alt='4 - Neutral Feeling' \/><div style=\"text-align: center;\">OK<br \/>\n4<br \/>\n<style type=\"text\/css\">label#QID40-96-label {\njustify-content:start;\n}\n<\/style>\n<\/div>\n"},"97":{"Display":"<img src='https:\/\/ca1.qualtrics.com\/WRQualtricsControlPanel_rel\/Graphic.php?SR=&IM=IM_9prlp1EVwqsaDQ1' alt='5 - Not Terrible' \/><div style=\"text-align: center;\">&nbsp;<br \/>\n5<br \/>\n<style type=\"text\/css\">label#QID40-97-label {\njustify-content:start;\n}\n<\/style>\n<\/div>\n"},"104":{"Display":"<img src='https:\/\/ca1.qualtrics.com\/WRQualtricsControlPanel_rel\/Graphic.php?SR=&IM=IM_2tyzo5jiJHEhKq9' alt='6 - Pretty Great' \/><div style=\"text-align: center;\">&nbsp;<br \/>\n6<br \/>\n<style type=\"text\/css\">label#QID40-104-label {\njustify-content:start;\n}\n<\/style>\n<\/div>\n"},"105":{"Display":"<img src='https:\/\/ca1.qualtrics.com\/WRQualtricsControlPanel_rel\/Graphic.php?SR=&IM=IM_9LGk6Z9OxyTcsGV' alt='7 - Very Great' \/><div style=\"text-align: center;\">Great<br \/>\n7<br \/>\n<style type=\"text\/css\">label#QID40-105-label {\njustify-content:start;\n}\n<\/style>\n<\/div>\n"}},"ChoiceOrder":["93","94","95","96","97","104","105"],"ChoiceTextPosition":"Bottom","Validation":{"Settings":{"ForceResponse":"OFF","ForceResponseType":"ON","Type":"None"}},"RecodeValues":{"93":1,"94":2,"95":3,"96":4,"97":5,"104":"6","105":"7"},"VariableNaming":{"263":"1 - Terrible","264":"2","265":"3","266":"4 - OK","267":"5","268":"6","269":"7 - Great"},"GradingData":[],"Language":[],"NextChoiceId":126,"NextAnswerId":4,"QuestionID":"QID40"}},{"SurveyID":"SV_3b1trQZ6fEOhmKh","Element":"SQ","PrimaryAttribute":"QID38","SecondaryAttribute":"In which location are you currently working?","TertiaryAttribute":null,"Payload":{"QuestionText":"In which location are you currently working?","DataExportTag":"Q2","QuestionType":"MC","Selector":"SAVR","SubSelector":"TX","Configuration":{"QuestionDescriptionOption":"UseText"},"QuestionDescription":"In which location are you currently working?","Choices":{"1":{"Display":"North America"},"2":{"Display":"EUrope"}},"ChoiceOrder":["1","2"],"Validation":{"Settings":{"ForceResponse":"OFF","ForceResponseType":"ON","Type":"None"}},"Language":[],"NextChoiceId":100,"NextAnswerId":1,"QuestionID":"QID38","DataVisibility":{"Private":false,"Hidden":false}}},{"SurveyID":"SV_3b1trQZ6fEOhmKh","Element":"SQ","PrimaryAttribute":"QID39","SecondaryAttribute":"In which team do you currently work?","TertiaryAttribute":null,"Payload":{"QuestionText":"In which team do you currently work?","DataExportTag":"Q3","QuestionType":"MC","Selector":"SAVR","SubSelector":"TX","Configuration":{"QuestionDescriptionOption":"UseText"},"QuestionDescription":"In which team do you currently work?","Choices":{"1":{"Display":"HANA DB Core "},"2":{"Display":"HANA Design&Application"},"3":{"Display":"Big Data"},"4":{"Display":"DB Core(Oracle\/MS SQL)"}},"ChoiceOrder":["1","2","3","4"],"Validation":{"Settings":{"ForceResponse":"OFF","ForceResponseType":"ON","Type":"None"}},"Language":[],"NextChoiceId":100,"NextAnswerId":1,"QuestionID":"QID39","DataVisibility":{"Private":false,"Hidden":false},"RecodeValues":{"1":"1","2":"2","3":"3","4":"4","5":"5","6":"6","7":"7","8":"8","9":"9","10":"10","11":"11","12":"12","13":"13","14":"14","15":"15"}}},{"SurveyID":"SV_3b1trQZ6fEOhmKh","Element":"QO","PrimaryAttribute":"QO_msplrIWrHhpqMnt","SecondaryAttribute":"Quota for Default Notifications Setup","TertiaryAttribute":null,"Payload":{"Name":"Quota for Default Notifications Setup","Occurrences":1000,"Logic":{"0":{"0":{"LogicType":"EmbeddedField","LeftOperand":"complete","Operator":"EqualTo","RightOperand":"1","Type":"Expression","Description":"<span class=\"ConjDesc\">If<\/span>  <span class=\"LeftOpDesc\">complete<\/span> <span class=\"OpDesc\">Is Equal to<\/span> <span class=\"RightOpDesc\"> 1 <\/span>"},"Type":"If"},"Type":"BooleanExpression"},"LogicType":"Simple","QuotaAction":"ForBranching","ActionInfo":{"0":{"0":{"ActionType":"ForBranching","Type":"Expression","LogicType":"QuotaAction"},"Type":"If"},"Type":"BooleanExpression"},"ID":"QO_msplrIWrHhpqMnt","QuotaRealm":"Survey","QuotaSchedule":null,"EndSurveyOptions":{"EndingType":"Default","ResponseFlag":"QuotaMet","SurveyTermination":"DefaultMessage"}}},{"SurveyID":"SV_3b1trQZ6fEOhmKh","Element":"PROJ","PrimaryAttribute":"CORE","SecondaryAttribute":"RemoteWorkPulse","TertiaryAttribute":"1.1.0","Payload":{"ProjectCategory":"CORE","SchemaVersion":"1.1.0"}},{"SurveyID":"SV_3b1trQZ6fEOhmKh","Element":"SQ","PrimaryAttribute":"QID33","SecondaryAttribute":"We want to learn a little more about you.\u00a0","TertiaryAttribute":null,"Payload":{"QuestionText":"<p><span id=\"docs-internal-guid-c0f04734-7fff-1343-265c-c0d18e598bad\"><b>We want to learn a little more about you.&nbsp;<\/b><\/span><\/p>","DefaultChoices":false,"DataExportTag":"Text 2","QuestionType":"DB","Selector":"TB","Configuration":{"QuestionDescriptionOption":"UseText"},"QuestionDescription":"We want to learn a little more about you.\u00a0","ChoiceOrder":[],"Validation":{"Settings":{"Type":"None"}},"GradingData":[],"Language":[],"NextChoiceId":4,"NextAnswerId":1,"QuestionID":"QID33","DataVisibility":{"Private":false,"Hidden":false}}},{"SurveyID":"SV_3b1trQZ6fEOhmKh","Element":"SQ","PrimaryAttribute":"QID42","SecondaryAttribute":"What made you feel this way?","TertiaryAttribute":null,"Payload":{"QuestionText":"What made you feel this way?","DefaultChoices":false,"DataExportTag":"Q31","QuestionType":"TE","Selector":"ML","Configuration":{"QuestionDescriptionOption":"UseText"},"QuestionDescription":"What made you feel this way?","Validation":{"Settings":{"ForceResponse":"OFF","ForceResponseType":"ON","Type":"CharRange","MinChars":"","TotalChars":null}},"GradingData":[],"Language":[],"NextChoiceId":4,"NextAnswerId":1,"SearchSource":{"AllowFreeResponse":"false"},"QuestionID":"QID42","DataVisibility":{"Private":false,"Hidden":false}}},{"SurveyID":"SV_3b1trQZ6fEOhmKh","Element":"OCAC","PrimaryAttribute":"OCAC_D0RHDOsHsTy937X","SecondaryAttribute":"OC_2veNy1ObW5aAuNT","TertiaryAttribute":"WebService","Payload":{"triggerAction":"WebService","requestType":"POST","contentType":"JSON","url":"https:\/\/printevent.c-1160a9c.kyma.ondemand.com","keyValues":[],"headers":{"Content-Type":"application\/json","X-API-TOKEN":"XDLn5rjPy64MFqWXf0kHPYFC6S21F6mpLJUXh0je"},"textPayload":"{}","pipedTextImports":{"url":[],"headers":[],"body":[]},"currentPipedTextTestMappings":[],"pipedTextConfig":[],"exports":[{"key":"headers","display_name":"Headers"},{"key":"statusCode","display_name":"Status Code"},{"key":"data","display_name":"Data"}],"exportMappings":[],"name":"Non-authenticated","summary":"Create a web service request that doesn't require authentication","customSaveHandler":true,"dependencies":[],"id":"PLUG_7b318b05-433e-4e0c-bef8-520ebe5a0c9a","taskRegistryId":"APP_42a7f4b6-bb84-4c66-94cc-e3e1208e62bf","actionId":"OCAC_D0RHDOsHsTy937X","icon":"https:\/\/www.xm-apps-static.com\/assets\/v1\/APP_42a7f4b6-bb84-4c66-94cc-e3e1208e62bf\/1.3.1\/6bIw6jDgOaCtV8ce\/images\/logo-small.png","credentials":[],"metadata":{"lazyLoadPipedText":true,"tags":["test","tag","survey"],"taskNameInModalTitle":true,"worker":{"type":"runner"}},"contextId":"SV_3b1trQZ6fEOhmKh","outcomeId":"OC_2veNy1ObW5aAuNT","createdAt":1641349649891,"taskNumber":1,"ownerObject":{"orgId":"sapanalytics","userId":"UR_cTjTUSuOdAFZViZ"},"elementConfigured":true}},{"SurveyID":"SV_3b1trQZ6fEOhmKh","Element":"OCAC","PrimaryAttribute":"OCAC_IzDnH1hTOpVtAXe","SecondaryAttribute":"OC_5kB0PY47c0PQzbC","TertiaryAttribute":"XMFeed","Payload":{"actionId":"OCAC_IzDnH1hTOpVtAXe","contextId":"SV_3b1trQZ6fEOhmKh","credentials":[],"dependencies":[],"icon":"https:\/\/www.xm-apps-static.com\/assets-stage\/v1\/APP_ef0e5061-6995-45f0-bd42-33a695d90ebf\/0.0.98\/IuyrksPYzm78fAR6\/images\/logo-small.png","id":"PLUG_843302ce-07a8-46f7-86b7-9487573bb22b","keyValues":{"actions":[],"description":"You have received ${qo:\/\/QO_msplrIWrHhpqMnt\/QuotaCount} responses. Click here to check out your report to see those responses!","headline":"${qo:\/\/QO_msplrIWrHhpqMnt\/QuotaCount} responses received on your TechCoENA_QIntegration survey!","linkPath":"\/reports\/RC\/view\/SV_3b1trQZ6fEOhmKh\/5ef4b72830c8bd0016277dc1","source":{"contextId":"FeedActionPlugin","lookupId":null,"text":"Actions"},"userIds":["v.rr@sap.com"]},"name":"Notifications","outcomeId":"OC_5kB0PY47c0PQzbC","ownerObject":{"orgId":"sapanalytics","userId":"UR_cTjTUSuOdAFZViZ"},"plugin":true,"summary":"Create a new desktop and mobile notification","taskRegistryId":"APP_37550eab-8068-476f-a835-8d330614aaa3","triggerAction":"XMFeed","createdAt":1593095976322,"surveyId":"SV_3b1trQZ6fEOhmKh","taskNumber":1,"elementConfigured":true}},{"SurveyID":"SV_3b1trQZ6fEOhmKh","Element":"TR","PrimaryAttribute":"OC_2v9227tklWLiXmf","SecondaryAttribute":null,"TertiaryAttribute":"OnSurveyResponse","Payload":{"Name":"New Workflow","EventType":"OnSurveyResponse","Logic":{"0":{"0":{"LogicType":"Question","Type":"Expression","QuestionText":"Q31 What made you feel this way?","QuestionID":"QID42","QuestionIDFromLocator":"QID42","QuestionIsInLoop":"no","ChoiceLocator":"q:\/\/QID42\/ChoiceTextEntryValue","LeftOperand":"q:\/\/QID42\/ChoiceTextEntryValue","ChoiceText":"What made you feel this way?","ChoiceType":"ChoiceTextEntryValue","Operator":"NotEmpty","OperatorText":"isn't empty"},"Type":"If"},"Type":"BooleanExpression"},"Type":"LogicOutcome","LogicV2":{"type":"any","children":[{"type":"question","cond":{"LogicType":"Question","Type":"Expression","QuestionText":"Q31 What made you feel this way?","QuestionID":"QID42","QuestionIDFromLocator":"QID42","QuestionIsInLoop":"no","ChoiceLocator":"q:\/\/QID42\/ChoiceTextEntryValue","LeftOperand":"q:\/\/QID42\/ChoiceTextEntryValue","ChoiceText":"What made you feel this way?","ChoiceType":"ChoiceTextEntryValue","Operator":"NotEmpty","OperatorText":"isn't empty"}}]},"EventData":{"fields":[]},"eventContext":{"operations":["CREATE","UPDATE"]},"branches":[],"elementConfigured":true,"disabled":false,"TriggerAction":"Outcome","logicCompleted":true,"unconfigured":false}},{"SurveyID":"SV_3b1trQZ6fEOhmKh","Element":"TR","PrimaryAttribute":"OC_2veNy1ObW5aAuNT","SecondaryAttribute":null,"TertiaryAttribute":"OnSurveyResponse","Payload":{"Name":"New Workflow","EventType":"OnSurveyResponse","Type":"OnSurveyComplete","LogicV2":{"type":"always","children":[]},"EventData":{"fields":[]},"eventContext":{"operations":["CREATE","UPDATE"]},"branches":[],"loops":[],"elementConfigured":true,"disabled":false,"TriggerAction":"Outcome","logicCompleted":true,"unconfigured":false}},{"SurveyID":"SV_3b1trQZ6fEOhmKh","Element":"TR","PrimaryAttribute":"OC_5kB0PY47c0PQzbC","SecondaryAttribute":null,"TertiaryAttribute":"OnSurveyResponse","Payload":{"EventData":{"fields":[]},"EventType":"OnSurveyResponse","Logic":{"0":{"0":{"LeftOperand":"modulus","LogicType":"EmbeddedField","Operator":"EqualTo","RightOperand":"0","Type":"Expression"},"Type":"If"},"Type":"BooleanExpression"},"LogicV2":{"children":[{"cond":{"LeftOperand":"modulus","LogicType":"EmbeddedField","Operator":"EqualTo","RightOperand":"0","Type":"Expression"},"type":"question"}],"type":"all"},"Name":"Default Notifications after every 10 Responses","TriggerAction":"Outcome","Type":"LogicOutcome","branches":[],"eventContext":{"operations":["CREATE"]},"unconfigured":false}}]}